// !$*UTF8*$!
{
	archiveVersion = 1;
	classes = {
	};
	objectVersion = 55;
	objects = {

/* Begin PBXBuildFile section */
		FA0CA07628473A2A007233E0 /* AppDelegate.swift in Sources */ = {isa = PBXBuildFile; fileRef = FA0CA07528473A2A007233E0 /* AppDelegate.swift */; };
		FA0CA07828473A2A007233E0 /* SceneDelegate.swift in Sources */ = {isa = PBXBuildFile; fileRef = FA0CA07728473A2A007233E0 /* SceneDelegate.swift */; };
		FA0CA07A28473A2A007233E0 /* NewsViewController.swift in Sources */ = {isa = PBXBuildFile; fileRef = FA0CA07928473A2A007233E0 /* NewsViewController.swift */; };
		FA0CA07D28473A2A007233E0 /* Main.storyboard in Resources */ = {isa = PBXBuildFile; fileRef = FA0CA07B28473A2A007233E0 /* Main.storyboard */; };
		FA0CA08028473A2A007233E0 /* NewsApp.xcdatamodeld in Sources */ = {isa = PBXBuildFile; fileRef = FA0CA07E28473A2A007233E0 /* NewsApp.xcdatamodeld */; };
		FA0CA08228473A2B007233E0 /* Assets.xcassets in Resources */ = {isa = PBXBuildFile; fileRef = FA0CA08128473A2B007233E0 /* Assets.xcassets */; };
		FA0CA08528473A2B007233E0 /* LaunchScreen.storyboard in Resources */ = {isa = PBXBuildFile; fileRef = FA0CA08328473A2B007233E0 /* LaunchScreen.storyboard */; };
		FA0CA08D28473AFB007233E0 /* ApiCaller.swift in Sources */ = {isa = PBXBuildFile; fileRef = FA0CA08C28473AFB007233E0 /* ApiCaller.swift */; };
		FA0CA08F284742B3007233E0 /* NewsTableViewCell.swift in Sources */ = {isa = PBXBuildFile; fileRef = FA0CA08E284742B3007233E0 /* NewsTableViewCell.swift */; };
		FA0CA093284767B3007233E0 /* TabController.swift in Sources */ = {isa = PBXBuildFile; fileRef = FA0CA092284767B3007233E0 /* TabController.swift */; };
		FA0CA095284767EB007233E0 /* SearchViewController.swift in Sources */ = {isa = PBXBuildFile; fileRef = FA0CA094284767EB007233E0 /* SearchViewController.swift */; };
		FA0CA097284767F3007233E0 /* YouViewController.swift in Sources */ = {isa = PBXBuildFile; fileRef = FA0CA096284767F3007233E0 /* YouViewController.swift */; };
		FA2E7D202847DFB20028806A /* Model.swift in Sources */ = {isa = PBXBuildFile; fileRef = FA2E7D1F2847DFB20028806A /* Model.swift */; };
		FA2E7D222847DFE70028806A /* Service.swift in Sources */ = {isa = PBXBuildFile; fileRef = FA2E7D212847DFE70028806A /* Service.swift */; };
		FA2E7D242847E02F0028806A /* ViewModel.swift in Sources */ = {isa = PBXBuildFile; fileRef = FA2E7D232847E02F0028806A /* ViewModel.swift */; };
		FA2E7D2A2847FC790028806A /* Preview.swift in Sources */ = {isa = PBXBuildFile; fileRef = FA2E7D292847FC790028806A /* Preview.swift */; };
		FA8E3C84284920B40040658A /* Reachability.swift in Sources */ = {isa = PBXBuildFile; fileRef = FA8E3C83284920B40040658A /* Reachability.swift */; };
		FAD58C242848A12F00ABD308 /* MyCollectionViewCell.swift in Sources */ = {isa = PBXBuildFile; fileRef = FAD58C232848A12F00ABD308 /* MyCollectionViewCell.swift */; };
		FAD58C2C2848CFF700ABD308 /* CategoryViewController.swift in Sources */ = {isa = PBXBuildFile; fileRef = FAD58C2B2848CFF700ABD308 /* CategoryViewController.swift */; };
		FAD58C392848F74300ABD308 /* ViewExtansions.swift in Sources */ = {isa = PBXBuildFile; fileRef = FAD58C382848F74300ABD308 /* ViewExtansions.swift */; };
		FAD58C3C2848F81D00ABD308 /* PreViewCell.swift in Sources */ = {isa = PBXBuildFile; fileRef = FAD58C3B2848F81D00ABD308 /* PreViewCell.swift */; };
/* End PBXBuildFile section */

/* Begin PBXFileReference section */
		FA0CA07228473A2A007233E0 /* NewsApp.app */ = {isa = PBXFileReference; explicitFileType = wrapper.application; includeInIndex = 0; path = NewsApp.app; sourceTree = BUILT_PRODUCTS_DIR; };
		FA0CA07528473A2A007233E0 /* AppDelegate.swift */ = {isa = PBXFileReference; lastKnownFileType = sourcecode.swift; path = AppDelegate.swift; sourceTree = "<group>"; };
		FA0CA07728473A2A007233E0 /* SceneDelegate.swift */ = {isa = PBXFileReference; lastKnownFileType = sourcecode.swift; path = SceneDelegate.swift; sourceTree = "<group>"; };
		FA0CA07928473A2A007233E0 /* NewsViewController.swift */ = {isa = PBXFileReference; lastKnownFileType = sourcecode.swift; path = NewsViewController.swift; sourceTree = "<group>"; };
		FA0CA07C28473A2A007233E0 /* Base */ = {isa = PBXFileReference; lastKnownFileType = file.storyboard; name = Base; path = Base.lproj/Main.storyboard; sourceTree = "<group>"; };
		FA0CA07F28473A2A007233E0 /* NewsApp.xcdatamodel */ = {isa = PBXFileReference; lastKnownFileType = wrapper.xcdatamodel; path = NewsApp.xcdatamodel; sourceTree = "<group>"; };
		FA0CA08128473A2B007233E0 /* Assets.xcassets */ = {isa = PBXFileReference; lastKnownFileType = folder.assetcatalog; path = Assets.xcassets; sourceTree = "<group>"; };
		FA0CA08428473A2B007233E0 /* Base */ = {isa = PBXFileReference; lastKnownFileType = file.storyboard; name = Base; path = Base.lproj/LaunchScreen.storyboard; sourceTree = "<group>"; };
		FA0CA08628473A2B007233E0 /* Info.plist */ = {isa = PBXFileReference; lastKnownFileType = text.plist.xml; path = Info.plist; sourceTree = "<group>"; };
		FA0CA08C28473AFB007233E0 /* ApiCaller.swift */ = {isa = PBXFileReference; lastKnownFileType = sourcecode.swift; path = ApiCaller.swift; sourceTree = "<group>"; };
		FA0CA08E284742B3007233E0 /* NewsTableViewCell.swift */ = {isa = PBXFileReference; lastKnownFileType = sourcecode.swift; path = NewsTableViewCell.swift; sourceTree = "<group>"; };
		FA0CA092284767B3007233E0 /* TabController.swift */ = {isa = PBXFileReference; lastKnownFileType = sourcecode.swift; path = TabController.swift; sourceTree = "<group>"; };
		FA0CA094284767EB007233E0 /* SearchViewController.swift */ = {isa = PBXFileReference; lastKnownFileType = sourcecode.swift; path = SearchViewController.swift; sourceTree = "<group>"; };
		FA0CA096284767F3007233E0 /* YouViewController.swift */ = {isa = PBXFileReference; lastKnownFileType = sourcecode.swift; path = YouViewController.swift; sourceTree = "<group>"; };
		FA2E7D1F2847DFB20028806A /* Model.swift */ = {isa = PBXFileReference; lastKnownFileType = sourcecode.swift; path = Model.swift; sourceTree = "<group>"; };
		FA2E7D212847DFE70028806A /* Service.swift */ = {isa = PBXFileReference; lastKnownFileType = sourcecode.swift; path = Service.swift; sourceTree = "<group>"; };
		FA2E7D232847E02F0028806A /* ViewModel.swift */ = {isa = PBXFileReference; lastKnownFileType = sourcecode.swift; path = ViewModel.swift; sourceTree = "<group>"; };
		FA2E7D292847FC790028806A /* Preview.swift */ = {isa = PBXFileReference; lastKnownFileType = sourcecode.swift; path = Preview.swift; sourceTree = "<group>"; };
		FA8E3C83284920B40040658A /* Reachability.swift */ = {isa = PBXFileReference; lastKnownFileType = sourcecode.swift; path = Reachability.swift; sourceTree = "<group>"; };
		FAD58C232848A12F00ABD308 /* MyCollectionViewCell.swift */ = {isa = PBXFileReference; lastKnownFileType = sourcecode.swift; path = MyCollectionViewCell.swift; sourceTree = "<group>"; };
		FAD58C2B2848CFF700ABD308 /* CategoryViewController.swift */ = {isa = PBXFileReference; lastKnownFileType = sourcecode.swift; path = CategoryViewController.swift; sourceTree = "<group>"; };
		FAD58C382848F74300ABD308 /* ViewExtansions.swift */ = {isa = PBXFileReference; lastKnownFileType = sourcecode.swift; path = ViewExtansions.swift; sourceTree = "<group>"; };
		FAD58C3B2848F81D00ABD308 /* PreViewCell.swift */ = {isa = PBXFileReference; lastKnownFileType = sourcecode.swift; path = PreViewCell.swift; sourceTree = "<group>"; };
/* End PBXFileReference section */

/* Begin PBXFrameworksBuildPhase section */
		FA0CA06F28473A2A007233E0 /* Frameworks */ = {
			isa = PBXFrameworksBuildPhase;
			buildActionMask = 2147483647;
			files = (
			);
			runOnlyForDeploymentPostprocessing = 0;
		};
/* End PBXFrameworksBuildPhase section */

/* Begin PBXGroup section */
		FA0CA06928473A2A007233E0 = {
			isa = PBXGroup;
			children = (
				FA0CA07428473A2A007233E0 /* NewsApp */,
				FA0CA07328473A2A007233E0 /* Products */,
			);
			sourceTree = "<group>";
		};
		FA0CA07328473A2A007233E0 /* Products */ = {
			isa = PBXGroup;
			children = (
				FA0CA07228473A2A007233E0 /* NewsApp.app */,
			);
			name = Products;
			sourceTree = "<group>";
		};
		FA0CA07428473A2A007233E0 /* NewsApp */ = {
			isa = PBXGroup;
			children = (
				FAD58C372848F73500ABD308 /* Utils */,
				FAD58C1928487AA600ABD308 /* Application */,
				FAD58C1828487A8800ABD308 /* Service */,
				FAD58C1A28487AF600ABD308 /* PreView */,
				FAD58C1628487A4700ABD308 /* Controllers */,
				FA0CA07B28473A2A007233E0 /* Main.storyboard */,
				FA0CA08128473A2B007233E0 /* Assets.xcassets */,
				FA0CA08328473A2B007233E0 /* LaunchScreen.storyboard */,
				FA0CA08628473A2B007233E0 /* Info.plist */,
				FA0CA07E28473A2A007233E0 /* NewsApp.xcdatamodeld */,
				FA0CA08C28473AFB007233E0 /* ApiCaller.swift */,
			);
			path = NewsApp;
			sourceTree = "<group>";
		};
		FAD58C1628487A4700ABD308 /* Controllers */ = {
			isa = PBXGroup;
			children = (
				FAD58C302848E5DA00ABD308 /* Search */,
				FAD58C2F2848E5A300ABD308 /* You */,
				FAD58C1F28487DB200ABD308 /* News */,
				FAD58C1B28487CB000ABD308 /* Category */,
			);
			path = Controllers;
			sourceTree = "<group>";
		};
		FAD58C1828487A8800ABD308 /* Service */ = {
			isa = PBXGroup;
			children = (
				FA2E7D212847DFE70028806A /* Service.swift */,
				FA2E7D232847E02F0028806A /* ViewModel.swift */,
				FA2E7D1F2847DFB20028806A /* Model.swift */,
			);
			path = Service;
			sourceTree = "<group>";
		};
		FAD58C1928487AA600ABD308 /* Application */ = {
			isa = PBXGroup;
			children = (
				FA0CA07528473A2A007233E0 /* AppDelegate.swift */,
				FA0CA07728473A2A007233E0 /* SceneDelegate.swift */,
				FA0CA092284767B3007233E0 /* TabController.swift */,
			);
			path = Application;
			sourceTree = "<group>";
		};
		FAD58C1A28487AF600ABD308 /* PreView */ = {
			isa = PBXGroup;
			children = (
				FAD58C3A2848F80C00ABD308 /* PreViewCell */,
				FA2E7D292847FC790028806A /* Preview.swift */,
			);
			path = PreView;
			sourceTree = "<group>";
		};
		FAD58C1B28487CB000ABD308 /* Category */ = {
			isa = PBXGroup;
			children = (
				FAD58C1C28487CC200ABD308 /* CategoryCell */,
				FAD58C2B2848CFF700ABD308 /* CategoryViewController.swift */,
			);
			path = Category;
			sourceTree = "<group>";
		};
		FAD58C1C28487CC200ABD308 /* CategoryCell */ = {
			isa = PBXGroup;
			children = (
				FAD58C232848A12F00ABD308 /* MyCollectionViewCell.swift */,
			);
			path = CategoryCell;
			sourceTree = "<group>";
		};
		FAD58C1F28487DB200ABD308 /* News */ = {
			isa = PBXGroup;
			children = (
				FAD58C2028487DBC00ABD308 /* NewsCell */,
				FA0CA07928473A2A007233E0 /* NewsViewController.swift */,
			);
			path = News;
			sourceTree = "<group>";
		};
		FAD58C2028487DBC00ABD308 /* NewsCell */ = {
			isa = PBXGroup;
			children = (
				FA0CA08E284742B3007233E0 /* NewsTableViewCell.swift */,
			);
			path = NewsCell;
			sourceTree = "<group>";
		};
		FAD58C2F2848E5A300ABD308 /* You */ = {
			isa = PBXGroup;
			children = (
				FA0CA096284767F3007233E0 /* YouViewController.swift */,
			);
			path = You;
			sourceTree = "<group>";
		};
		FAD58C302848E5DA00ABD308 /* Search */ = {
			isa = PBXGroup;
			children = (
				FA0CA094284767EB007233E0 /* SearchViewController.swift */,
			);
			path = Search;
			sourceTree = "<group>";
		};
		FAD58C372848F73500ABD308 /* Utils */ = {
			isa = PBXGroup;
			children = (
				FAD58C382848F74300ABD308 /* ViewExtansions.swift */,
				FA8E3C83284920B40040658A /* Reachability.swift */,
			);
			path = Utils;
			sourceTree = "<group>";
		};
		FAD58C3A2848F80C00ABD308 /* PreViewCell */ = {
			isa = PBXGroup;
			children = (
				FAD58C3B2848F81D00ABD308 /* PreViewCell.swift */,
			);
			path = PreViewCell;
			sourceTree = "<group>";
		};
/* End PBXGroup section */

/* Begin PBXNativeTarget section */
		FA0CA07128473A2A007233E0 /* NewsApp */ = {
			isa = PBXNativeTarget;
			buildConfigurationList = FA0CA08928473A2B007233E0 /* Build configuration list for PBXNativeTarget "NewsApp" */;
			buildPhases = (
				FA0CA06E28473A2A007233E0 /* Sources */,
				FA0CA06F28473A2A007233E0 /* Frameworks */,
				FA0CA07028473A2A007233E0 /* Resources */,
			);
			buildRules = (
			);
			dependencies = (
			);
			name = NewsApp;
			productName = NewsApp;
			productReference = FA0CA07228473A2A007233E0 /* NewsApp.app */;
			productType = "com.apple.product-type.application";
		};
/* End PBXNativeTarget section */

/* Begin PBXProject section */
		FA0CA06A28473A2A007233E0 /* Project object */ = {
			isa = PBXProject;
			attributes = {
				BuildIndependentTargetsInParallel = 1;
				LastSwiftUpdateCheck = 1330;
				LastUpgradeCheck = 1330;
				TargetAttributes = {
					FA0CA07128473A2A007233E0 = {
						CreatedOnToolsVersion = 13.3.1;
					};
				};
			};
			buildConfigurationList = FA0CA06D28473A2A007233E0 /* Build configuration list for PBXProject "NewsApp" */;
			compatibilityVersion = "Xcode 13.0";
			developmentRegion = en;
			hasScannedForEncodings = 0;
			knownRegions = (
				en,
				Base,
			);
			mainGroup = FA0CA06928473A2A007233E0;
			productRefGroup = FA0CA07328473A2A007233E0 /* Products */;
			projectDirPath = "";
			projectRoot = "";
			targets = (
				FA0CA07128473A2A007233E0 /* NewsApp */,
			);
		};
/* End PBXProject section */

/* Begin PBXResourcesBuildPhase section */
		FA0CA07028473A2A007233E0 /* Resources */ = {
			isa = PBXResourcesBuildPhase;
			buildActionMask = 2147483647;
			files = (
				FA0CA08528473A2B007233E0 /* LaunchScreen.storyboard in Resources */,
				FA0CA08228473A2B007233E0 /* Assets.xcassets in Resources */,
				FA0CA07D28473A2A007233E0 /* Main.storyboard in Resources */,
			);
			runOnlyForDeploymentPostprocessing = 0;
		};
/* End PBXResourcesBuildPhase section */

/* Begin PBXSourcesBuildPhase section */
		FA0CA06E28473A2A007233E0 /* Sources */ = {
			isa = PBXSourcesBuildPhase;
			buildActionMask = 2147483647;
			files = (
				FA0CA07A28473A2A007233E0 /* NewsViewController.swift in Sources */,
				FA0CA07628473A2A007233E0 /* AppDelegate.swift in Sources */,
				FA0CA095284767EB007233E0 /* SearchViewController.swift in Sources */,
				FA0CA093284767B3007233E0 /* TabController.swift in Sources */,
				FA0CA08028473A2A007233E0 /* NewsApp.xcdatamodeld in Sources */,
				FA2E7D222847DFE70028806A /* Service.swift in Sources */,
				FAD58C3C2848F81D00ABD308 /* PreViewCell.swift in Sources */,
				FAD58C392848F74300ABD308 /* ViewExtansions.swift in Sources */,
				FA2E7D242847E02F0028806A /* ViewModel.swift in Sources */,
				FAD58C242848A12F00ABD308 /* MyCollectionViewCell.swift in Sources */,
				FA0CA07828473A2A007233E0 /* SceneDelegate.swift in Sources */,
				FA0CA08D28473AFB007233E0 /* ApiCaller.swift in Sources */,
				FAD58C2C2848CFF700ABD308 /* CategoryViewController.swift in Sources */,
				FA2E7D2A2847FC790028806A /* Preview.swift in Sources */,
				FA8E3C84284920B40040658A /* Reachability.swift in Sources */,
				FA2E7D202847DFB20028806A /* Model.swift in Sources */,
				FA0CA097284767F3007233E0 /* YouViewController.swift in Sources */,
				FA0CA08F284742B3007233E0 /* NewsTableViewCell.swift in Sources */,
			);
			runOnlyForDeploymentPostprocessing = 0;
		};
/* End PBXSourcesBuildPhase section */

/* Begin PBXVariantGroup section */
		FA0CA07B28473A2A007233E0 /* Main.storyboard */ = {
			isa = PBXVariantGroup;
			children = (
				FA0CA07C28473A2A007233E0 /* Base */,
			);
			name = Main.storyboard;
			sourceTree = "<group>";
		};
		FA0CA08328473A2B007233E0 /* LaunchScreen.storyboard */ = {
			isa = PBXVariantGroup;
			children = (
				FA0CA08428473A2B007233E0 /* Base */,
			);
			name = LaunchScreen.storyboard;
			sourceTree = "<group>";
		};
/* End PBXVariantGroup section */

/* Begin XCBuildConfiguration section */
		FA0CA08728473A2B007233E0 /* Debug */ = {
			isa = XCBuildConfiguration;
			buildSettings = {
				ALWAYS_SEARCH_USER_PATHS = NO;
				CLANG_ANALYZER_NONNULL = YES;
				CLANG_ANALYZER_NUMBER_OBJECT_CONVERSION = YES_AGGRESSIVE;
				CLANG_CXX_LANGUAGE_STANDARD = "gnu++17";
				CLANG_ENABLE_MODULES = YES;
				CLANG_ENABLE_OBJC_ARC = YES;
				CLANG_ENABLE_OBJC_WEAK = YES;
				CLANG_WARN_BLOCK_CAPTURE_AUTORELEASING = YES;
				CLANG_WARN_BOOL_CONVERSION = YES;
				CLANG_WARN_COMMA = YES;
				CLANG_WARN_CONSTANT_CONVERSION = YES;
				CLANG_WARN_DEPRECATED_OBJC_IMPLEMENTATIONS = YES;
				CLANG_WARN_DIRECT_OBJC_ISA_USAGE = YES_ERROR;
				CLANG_WARN_DOCUMENTATION_COMMENTS = YES;
				CLANG_WARN_EMPTY_BODY = YES;
				CLANG_WARN_ENUM_CONVERSION = YES;
				CLANG_WARN_INFINITE_RECURSION = YES;
				CLANG_WARN_INT_CONVERSION = YES;
				CLANG_WARN_NON_LITERAL_NULL_CONVERSION = YES;
				CLANG_WARN_OBJC_IMPLICIT_RETAIN_SELF = YES;
				CLANG_WARN_OBJC_LITERAL_CONVERSION = YES;
				CLANG_WARN_OBJC_ROOT_CLASS = YES_ERROR;
				CLANG_WARN_QUOTED_INCLUDE_IN_FRAMEWORK_HEADER = YES;
				CLANG_WARN_RANGE_LOOP_ANALYSIS = YES;
				CLANG_WARN_STRICT_PROTOTYPES = YES;
				CLANG_WARN_SUSPICIOUS_MOVE = YES;
				CLANG_WARN_UNGUARDED_AVAILABILITY = YES_AGGRESSIVE;
				CLANG_WARN_UNREACHABLE_CODE = YES;
				CLANG_WARN__DUPLICATE_METHOD_MATCH = YES;
				COPY_PHASE_STRIP = NO;
				DEBUG_INFORMATION_FORMAT = dwarf;
				ENABLE_STRICT_OBJC_MSGSEND = YES;
				ENABLE_TESTABILITY = YES;
				GCC_C_LANGUAGE_STANDARD = gnu11;
				GCC_DYNAMIC_NO_PIC = NO;
				GCC_NO_COMMON_BLOCKS = YES;
				GCC_OPTIMIZATION_LEVEL = 0;
				GCC_PREPROCESSOR_DEFINITIONS = (
					"DEBUG=1",
					"$(inherited)",
				);
				GCC_WARN_64_TO_32_BIT_CONVERSION = YES;
				GCC_WARN_ABOUT_RETURN_TYPE = YES_ERROR;
				GCC_WARN_UNDECLARED_SELECTOR = YES;
				GCC_WARN_UNINITIALIZED_AUTOS = YES_AGGRESSIVE;
				GCC_WARN_UNUSED_FUNCTION = YES;
				GCC_WARN_UNUSED_VARIABLE = YES;
				IPHONEOS_DEPLOYMENT_TARGET = 15.4;
				MTL_ENABLE_DEBUG_INFO = INCLUDE_SOURCE;
				MTL_FAST_MATH = YES;
				ONLY_ACTIVE_ARCH = YES;
				SDKROOT = iphoneos;
				SWIFT_ACTIVE_COMPILATION_CONDITIONS = DEBUG;
				SWIFT_OPTIMIZATION_LEVEL = "-Onone";
			};
			name = Debug;
		};
		FA0CA08828473A2B007233E0 /* Release */ = {
			isa = XCBuildConfiguration;
			buildSettings = {
				ALWAYS_SEARCH_USER_PATHS = NO;
				CLANG_ANALYZER_NONNULL = YES;
				CLANG_ANALYZER_NUMBER_OBJECT_CONVERSION = YES_AGGRESSIVE;
				CLANG_CXX_LANGUAGE_STANDARD = "gnu++17";
				CLANG_ENABLE_MODULES = YES;
				CLANG_ENABLE_OBJC_ARC = YES;
				CLANG_ENABLE_OBJC_WEAK = YES;
				CLANG_WARN_BLOCK_CAPTURE_AUTORELEASING = YES;
				CLANG_WARN_BOOL_CONVERSION = YES;
				CLANG_WARN_COMMA = YES;
				CLANG_WARN_CONSTANT_CONVERSION = YES;
				CLANG_WARN_DEPRECATED_OBJC_IMPLEMENTATIONS = YES;
				CLANG_WARN_DIRECT_OBJC_ISA_USAGE = YES_ERROR;
				CLANG_WARN_DOCUMENTATION_COMMENTS = YES;
				CLANG_WARN_EMPTY_BODY = YES;
				CLANG_WARN_ENUM_CONVERSION = YES;
				CLANG_WARN_INFINITE_RECURSION = YES;
				CLANG_WARN_INT_CONVERSION = YES;
				CLANG_WARN_NON_LITERAL_NULL_CONVERSION = YES;
				CLANG_WARN_OBJC_IMPLICIT_RETAIN_SELF = YES;
				CLANG_WARN_OBJC_LITERAL_CONVERSION = YES;
				CLANG_WARN_OBJC_ROOT_CLASS = YES_ERROR;
				CLANG_WARN_QUOTED_INCLUDE_IN_FRAMEWORK_HEADER = YES;
				CLANG_WARN_RANGE_LOOP_ANALYSIS = YES;
				CLANG_WARN_STRICT_PROTOTYPES = YES;
				CLANG_WARN_SUSPICIOUS_MOVE = YES;
				CLANG_WARN_UNGUARDED_AVAILABILITY = YES_AGGRESSIVE;
				CLANG_WARN_UNREACHABLE_CODE = YES;
				CLANG_WARN__DUPLICATE_METHOD_MATCH = YES;
				COPY_PHASE_STRIP = NO;
				DEBUG_INFORMATION_FORMAT = "dwarf-with-dsym";
				ENABLE_NS_ASSERTIONS = NO;
				ENABLE_STRICT_OBJC_MSGSEND = YES;
				GCC_C_LANGUAGE_STANDARD = gnu11;
				GCC_NO_COMMON_BLOCKS = YES;
				GCC_WARN_64_TO_32_BIT_CONVERSION = YES;
				GCC_WARN_ABOUT_RETURN_TYPE = YES_ERROR;
				GCC_WARN_UNDECLARED_SELECTOR = YES;
				GCC_WARN_UNINITIALIZED_AUTOS = YES_AGGRESSIVE;
				GCC_WARN_UNUSED_FUNCTION = YES;
				GCC_WARN_UNUSED_VARIABLE = YES;
				IPHONEOS_DEPLOYMENT_TARGET = 15.4;
				MTL_ENABLE_DEBUG_INFO = NO;
				MTL_FAST_MATH = YES;
				SDKROOT = iphoneos;
				SWIFT_COMPILATION_MODE = wholemodule;
				SWIFT_OPTIMIZATION_LEVEL = "-O";
				VALIDATE_PRODUCT = YES;
			};
			name = Release;
		};
		FA0CA08A28473A2B007233E0 /* Debug */ = {
			isa = XCBuildConfiguration;
			buildSettings = {
				ASSETCATALOG_COMPILER_APPICON_NAME = AppIcon;
				ASSETCATALOG_COMPILER_GLOBAL_ACCENT_COLOR_NAME = AccentColor;
				CODE_SIGN_STYLE = Automatic;
				CURRENT_PROJECT_VERSION = 1;
				DEVELOPMENT_TEAM = VV42RHG87Y;
				GENERATE_INFOPLIST_FILE = YES;
				INFOPLIST_FILE = NewsApp/Info.plist;
				INFOPLIST_KEY_CFBundleDisplayName = MNews;
				INFOPLIST_KEY_UIApplicationSupportsIndirectInputEvents = YES;
				INFOPLIST_KEY_UILaunchStoryboardName = LaunchScreen;
				INFOPLIST_KEY_UIMainStoryboardFile = Main;
				INFOPLIST_KEY_UIRequiredDeviceCapabilities = armv7;
				INFOPLIST_KEY_UISupportedInterfaceOrientations = "UIInterfaceOrientationPortrait UIInterfaceOrientationLandscapeLeft UIInterfaceOrientationLandscapeRight";
				INFOPLIST_KEY_UISupportedInterfaceOrientations_iPad = "UIInterfaceOrientationPortrait UIInterfaceOrientationPortraitUpsideDown UIInterfaceOrientationLandscapeLeft UIInterfaceOrientationLandscapeRight";
				INFOPLIST_KEY_UISupportedInterfaceOrientations_iPhone = "UIInterfaceOrientationPortrait UIInterfaceOrientationLandscapeLeft UIInterfaceOrientationLandscapeRight";
				LD_RUNPATH_SEARCH_PATHS = (
					"$(inherited)",
					"@executable_path/Frameworks",
				);
				MARKETING_VERSION = 1.0;
				PRODUCT_BUNDLE_IDENTIFIER = mirzajonovmuslim.NewsApp;
				PRODUCT_NAME = "$(TARGET_NAME)";
				SWIFT_EMIT_LOC_STRINGS = YES;
				SWIFT_VERSION = 5.0;
				TARGETED_DEVICE_FAMILY = "1,2";
			};
			name = Debug;
		};
		FA0CA08B28473A2B007233E0 /* Release */ = {
			isa = XCBuildConfiguration;
			buildSettings = {
				ASSETCATALOG_COMPILER_APPICON_NAME = AppIcon;
				ASSETCATALOG_COMPILER_GLOBAL_ACCENT_COLOR_NAME = AccentColor;
				CODE_SIGN_STYLE = Automatic;
				CURRENT_PROJECT_VERSION = 1;
				DEVELOPMENT_TEAM = VV42RHG87Y;
				GENERATE_INFOPLIST_FILE = YES;
				INFOPLIST_FILE = NewsApp/Info.plist;
				INFOPLIST_KEY_CFBundleDisplayName = MNews;
				INFOPLIST_KEY_UIApplicationSupportsIndirectInputEvents = YES;
				INFOPLIST_KEY_UILaunchStoryboardName = LaunchScreen;
				INFOPLIST_KEY_UIMainStoryboardFile = Main;
				INFOPLIST_KEY_UIRequiredDeviceCapabilities = armv7;
				INFOPLIST_KEY_UISupportedInterfaceOrientations = "UIInterfaceOrientationPortrait UIInterfaceOrientationLandscapeLeft UIInterfaceOrientationLandscapeRight";
				INFOPLIST_KEY_UISupportedInterfaceOrientations_iPad = "UIInterfaceOrientationPortrait UIInterfaceOrientationPortraitUpsideDown UIInterfaceOrientationLandscapeLeft UIInterfaceOrientationLandscapeRight";
				INFOPLIST_KEY_UISupportedInterfaceOrientations_iPhone = "UIInterfaceOrientationPortrait UIInterfaceOrientationLandscapeLeft UIInterfaceOrientationLandscapeRight";
				LD_RUNPATH_SEARCH_PATHS = (
					"$(inherited)",
					"@executable_path/Frameworks",
				);
				MARKETING_VERSION = 1.0;
				PRODUCT_BUNDLE_IDENTIFIER = mirzajonovmuslim.NewsApp;
				PRODUCT_NAME = "$(TARGET_NAME)";
				SWIFT_EMIT_LOC_STRINGS = YES;
				SWIFT_VERSION = 5.0;
				TARGETED_DEVICE_FAMILY = "1,2";
			};
			name = Release;
		};
/* End XCBuildConfiguration section */

/* Begin XCConfigurationList section */
		FA0CA06D28473A2A007233E0 /* Build configuration list for PBXProject "NewsApp" */ = {
			isa = XCConfigurationList;
			buildConfigurations = (
				FA0CA08728473A2B007233E0 /* Debug */,
				FA0CA08828473A2B007233E0 /* Release */,
			);
			defaultConfigurationIsVisible = 0;
			defaultConfigurationName = Release;
		};
		FA0CA08928473A2B007233E0 /* Build configuration list for PBXNativeTarget "NewsApp" */ = {
			isa = XCConfigurationList;
			buildConfigurations = (
				FA0CA08A28473A2B007233E0 /* Debug */,
				FA0CA08B28473A2B007233E0 /* Release */,
			);
			defaultConfigurationIsVisible = 0;
			defaultConfigurationName = Release;
		};
/* End XCConfigurationList section */

/* Begin XCVersionGroup section */
		FA0CA07E28473A2A007233E0 /* NewsApp.xcdatamodeld */ = {
			isa = XCVersionGroup;
			children = (
				FA0CA07F28473A2A007233E0 /* NewsApp.xcdatamodel */,
			);
			currentVersion = FA0CA07F28473A2A007233E0 /* NewsApp.xcdatamodel */;
			path = NewsApp.xcdatamodeld;
			sourceTree = "<group>";
			versionGroupType = wrapper.xcdatamodel;
		};
/* End XCVersionGroup section */
	};
	rootObject = FA0CA06A28473A2A007233E0 /* Project object */;
}
